// !$*UTF8*$!
{
	archiveVersion = 1;
	classes = {
	};
	objectVersion = 55;
	objects = {

/* Begin PBXBuildFile section */
		79C1F781273BFC2D00DA1C8A /* API_ClientApp.swift in Sources */ = {isa = PBXBuildFile; fileRef = 79C1F780273BFC2D00DA1C8A /* API_ClientApp.swift */; };
		79C1F783273BFC2D00DA1C8A /* ContentView.swift in Sources */ = {isa = PBXBuildFile; fileRef = 79C1F782273BFC2D00DA1C8A /* ContentView.swift */; };
		79C1F785273BFC3100DA1C8A /* Assets.xcassets in Resources */ = {isa = PBXBuildFile; fileRef = 79C1F784273BFC3100DA1C8A /* Assets.xcassets */; };
		79C1F788273BFC3100DA1C8A /* Preview Assets.xcassets in Resources */ = {isa = PBXBuildFile; fileRef = 79C1F787273BFC3100DA1C8A /* Preview Assets.xcassets */; };
		79C1F792273BFC3200DA1C8A /* API_ClientTests.swift in Sources */ = {isa = PBXBuildFile; fileRef = 79C1F791273BFC3200DA1C8A /* API_ClientTests.swift */; };
		79C1F79C273BFC3200DA1C8A /* API_ClientUITests.swift in Sources */ = {isa = PBXBuildFile; fileRef = 79C1F79B273BFC3200DA1C8A /* API_ClientUITests.swift */; };
		79C1F79E273BFC3200DA1C8A /* API_ClientUITestsLaunchTests.swift in Sources */ = {isa = PBXBuildFile; fileRef = 79C1F79D273BFC3200DA1C8A /* API_ClientUITestsLaunchTests.swift */; };
/* End PBXBuildFile section */

/* Begin PBXContainerItemProxy section */
		79C1F78E273BFC3200DA1C8A /* PBXContainerItemProxy */ = {
			isa = PBXContainerItemProxy;
			containerPortal = 79C1F775273BFC2C00DA1C8A /* Project object */;
			proxyType = 1;
			remoteGlobalIDString = 79C1F77C273BFC2D00DA1C8A;
			remoteInfo = "API Client";
		};
		79C1F798273BFC3200DA1C8A /* PBXContainerItemProxy */ = {
			isa = PBXContainerItemProxy;
			containerPortal = 79C1F775273BFC2C00DA1C8A /* Project object */;
			proxyType = 1;
			remoteGlobalIDString = 79C1F77C273BFC2D00DA1C8A;
			remoteInfo = "API Client";
		};
/* End PBXContainerItemProxy section */

/* Begin PBXFileReference section */
		79C1F77D273BFC2D00DA1C8A /* API Client.app */ = {isa = PBXFileReference; explicitFileType = wrapper.application; includeInIndex = 0; path = "API Client.app"; sourceTree = BUILT_PRODUCTS_DIR; };
		79C1F780273BFC2D00DA1C8A /* API_ClientApp.swift */ = {isa = PBXFileReference; lastKnownFileType = sourcecode.swift; path = API_ClientApp.swift; sourceTree = "<group>"; };
		79C1F782273BFC2D00DA1C8A /* ContentView.swift */ = {isa = PBXFileReference; lastKnownFileType = sourcecode.swift; path = ContentView.swift; sourceTree = "<group>"; };
		79C1F784273BFC3100DA1C8A /* Assets.xcassets */ = {isa = PBXFileReference; lastKnownFileType = folder.assetcatalog; path = Assets.xcassets; sourceTree = "<group>"; };
		79C1F787273BFC3100DA1C8A /* Preview Assets.xcassets */ = {isa = PBXFileReference; lastKnownFileType = folder.assetcatalog; path = "Preview Assets.xcassets"; sourceTree = "<group>"; };
		79C1F78D273BFC3200DA1C8A /* API ClientTests.xctest */ = {isa = PBXFileReference; explicitFileType = wrapper.cfbundle; includeInIndex = 0; path = "API ClientTests.xctest"; sourceTree = BUILT_PRODUCTS_DIR; };
		79C1F791273BFC3200DA1C8A /* API_ClientTests.swift */ = {isa = PBXFileReference; lastKnownFileType = sourcecode.swift; path = API_ClientTests.swift; sourceTree = "<group>"; };
		79C1F797273BFC3200DA1C8A /* API ClientUITests.xctest */ = {isa = PBXFileReference; explicitFileType = wrapper.cfbundle; includeInIndex = 0; path = "API ClientUITests.xctest"; sourceTree = BUILT_PRODUCTS_DIR; };
		79C1F79B273BFC3200DA1C8A /* API_ClientUITests.swift */ = {isa = PBXFileReference; lastKnownFileType = sourcecode.swift; path = API_ClientUITests.swift; sourceTree = "<group>"; };
		79C1F79D273BFC3200DA1C8A /* API_ClientUITestsLaunchTests.swift */ = {isa = PBXFileReference; lastKnownFileType = sourcecode.swift; path = API_ClientUITestsLaunchTests.swift; sourceTree = "<group>"; };
/* End PBXFileReference section */

/* Begin PBXFrameworksBuildPhase section */
		79C1F77A273BFC2D00DA1C8A /* Frameworks */ = {
			isa = PBXFrameworksBuildPhase;
			buildActionMask = 2147483647;
			files = (
			);
			runOnlyForDeploymentPostprocessing = 0;
		};
		79C1F78A273BFC3200DA1C8A /* Frameworks */ = {
			isa = PBXFrameworksBuildPhase;
			buildActionMask = 2147483647;
			files = (
			);
			runOnlyForDeploymentPostprocessing = 0;
		};
		79C1F794273BFC3200DA1C8A /* Frameworks */ = {
			isa = PBXFrameworksBuildPhase;
			buildActionMask = 2147483647;
			files = (
			);
			runOnlyForDeploymentPostprocessing = 0;
		};
/* End PBXFrameworksBuildPhase section */

/* Begin PBXGroup section */
		79C1F774273BFC2C00DA1C8A = {
			isa = PBXGroup;
			children = (
				79C1F77F273BFC2D00DA1C8A /* API Client */,
				79C1F790273BFC3200DA1C8A /* API ClientTests */,
				79C1F79A273BFC3200DA1C8A /* API ClientUITests */,
				79C1F77E273BFC2D00DA1C8A /* Products */,
			);
			sourceTree = "<group>";
		};
		79C1F77E273BFC2D00DA1C8A /* Products */ = {
			isa = PBXGroup;
			children = (
				79C1F77D273BFC2D00DA1C8A /* API Client.app */,
				79C1F78D273BFC3200DA1C8A /* API ClientTests.xctest */,
				79C1F797273BFC3200DA1C8A /* API ClientUITests.xctest */,
			);
			name = Products;
			sourceTree = "<group>";
		};
		79C1F77F273BFC2D00DA1C8A /* API Client */ = {
			isa = PBXGroup;
			children = (
				79C1F780273BFC2D00DA1C8A /* API_ClientApp.swift */,
				79C1F782273BFC2D00DA1C8A /* ContentView.swift */,
				79C1F784273BFC3100DA1C8A /* Assets.xcassets */,
				79C1F786273BFC3100DA1C8A /* Preview Content */,
			);
			path = "API Client";
			sourceTree = "<group>";
		};
		79C1F786273BFC3100DA1C8A /* Preview Content */ = {
			isa = PBXGroup;
			children = (
				79C1F787273BFC3100DA1C8A /* Preview Assets.xcassets */,
			);
			path = "Preview Content";
			sourceTree = "<group>";
		};
		79C1F790273BFC3200DA1C8A /* API ClientTests */ = {
			isa = PBXGroup;
			children = (
				79C1F791273BFC3200DA1C8A /* API_ClientTests.swift */,
			);
			path = "API ClientTests";
			sourceTree = "<group>";
		};
		79C1F79A273BFC3200DA1C8A /* API ClientUITests */ = {
			isa = PBXGroup;
			children = (
				79C1F79B273BFC3200DA1C8A /* API_ClientUITests.swift */,
				79C1F79D273BFC3200DA1C8A /* API_ClientUITestsLaunchTests.swift */,
			);
			path = "API ClientUITests";
			sourceTree = "<group>";
		};
/* End PBXGroup section */

/* Begin PBXNativeTarget section */
		79C1F77C273BFC2D00DA1C8A /* API Client */ = {
			isa = PBXNativeTarget;
			buildConfigurationList = 79C1F7A1273BFC3200DA1C8A /* Build configuration list for PBXNativeTarget "API Client" */;
			buildPhases = (
				79C1F779273BFC2D00DA1C8A /* Sources */,
				79C1F77A273BFC2D00DA1C8A /* Frameworks */,
				79C1F77B273BFC2D00DA1C8A /* Resources */,
			);
			buildRules = (
			);
			dependencies = (
			);
			name = "API Client";
			productName = "API Client";
			productReference = 79C1F77D273BFC2D00DA1C8A /* API Client.app */;
			productType = "com.apple.product-type.application";
		};
		79C1F78C273BFC3200DA1C8A /* API ClientTests */ = {
			isa = PBXNativeTarget;
			buildConfigurationList = 79C1F7A4273BFC3300DA1C8A /* Build configuration list for PBXNativeTarget "API ClientTests" */;
			buildPhases = (
				79C1F789273BFC3200DA1C8A /* Sources */,
				79C1F78A273BFC3200DA1C8A /* Frameworks */,
				79C1F78B273BFC3200DA1C8A /* Resources */,
			);
			buildRules = (
			);
			dependencies = (
				79C1F78F273BFC3200DA1C8A /* PBXTargetDependency */,
			);
			name = "API ClientTests";
			productName = "API ClientTests";
			productReference = 79C1F78D273BFC3200DA1C8A /* API ClientTests.xctest */;
			productType = "com.apple.product-type.bundle.unit-test";
		};
		79C1F796273BFC3200DA1C8A /* API ClientUITests */ = {
			isa = PBXNativeTarget;
			buildConfigurationList = 79C1F7A7273BFC3300DA1C8A /* Build configuration list for PBXNativeTarget "API ClientUITests" */;
			buildPhases = (
				79C1F793273BFC3200DA1C8A /* Sources */,
				79C1F794273BFC3200DA1C8A /* Frameworks */,
				79C1F795273BFC3200DA1C8A /* Resources */,
			);
			buildRules = (
			);
			dependencies = (
				79C1F799273BFC3200DA1C8A /* PBXTargetDependency */,
			);
			name = "API ClientUITests";
			productName = "API ClientUITests";
			productReference = 79C1F797273BFC3200DA1C8A /* API ClientUITests.xctest */;
			productType = "com.apple.product-type.bundle.ui-testing";
		};
/* End PBXNativeTarget section */

/* Begin PBXProject section */
		79C1F775273BFC2C00DA1C8A /* Project object */ = {
			isa = PBXProject;
			attributes = {
				BuildIndependentTargetsInParallel = 1;
				LastSwiftUpdateCheck = 1300;
				LastUpgradeCheck = 1300;
				TargetAttributes = {
					79C1F77C273BFC2D00DA1C8A = {
						CreatedOnToolsVersion = 13.0;
					};
					79C1F78C273BFC3200DA1C8A = {
						CreatedOnToolsVersion = 13.0;
						TestTargetID = 79C1F77C273BFC2D00DA1C8A;
					};
					79C1F796273BFC3200DA1C8A = {
						CreatedOnToolsVersion = 13.0;
						TestTargetID = 79C1F77C273BFC2D00DA1C8A;
					};
				};
			};
			buildConfigurationList = 79C1F778273BFC2C00DA1C8A /* Build configuration list for PBXProject "API Client" */;
			compatibilityVersion = "Xcode 13.0";
			developmentRegion = en;
			hasScannedForEncodings = 0;
			knownRegions = (
				en,
				Base,
			);
			mainGroup = 79C1F774273BFC2C00DA1C8A;
			productRefGroup = 79C1F77E273BFC2D00DA1C8A /* Products */;
			projectDirPath = "";
			projectRoot = "";
			targets = (
				79C1F77C273BFC2D00DA1C8A /* API Client */,
				79C1F78C273BFC3200DA1C8A /* API ClientTests */,
				79C1F796273BFC3200DA1C8A /* API ClientUITests */,
			);
		};
/* End PBXProject section */

/* Begin PBXResourcesBuildPhase section */
		79C1F77B273BFC2D00DA1C8A /* Resources */ = {
			isa = PBXResourcesBuildPhase;
			buildActionMask = 2147483647;
			files = (
				79C1F788273BFC3100DA1C8A /* Preview Assets.xcassets in Resources */,
				79C1F785273BFC3100DA1C8A /* Assets.xcassets in Resources */,
			);
			runOnlyForDeploymentPostprocessing = 0;
		};
		79C1F78B273BFC3200DA1C8A /* Resources */ = {
			isa = PBXResourcesBuildPhase;
			buildActionMask = 2147483647;
			files = (
			);
			runOnlyForDeploymentPostprocessing = 0;
		};
		79C1F795273BFC3200DA1C8A /* Resources */ = {
			isa = PBXResourcesBuildPhase;
			buildActionMask = 2147483647;
			files = (
			);
			runOnlyForDeploymentPostprocessing = 0;
		};
/* End PBXResourcesBuildPhase section */

/* Begin PBXSourcesBuildPhase section */
		79C1F779273BFC2D00DA1C8A /* Sources */ = {
			isa = PBXSourcesBuildPhase;
			buildActionMask = 2147483647;
			files = (
				79C1F783273BFC2D00DA1C8A /* ContentView.swift in Sources */,
				79C1F781273BFC2D00DA1C8A /* API_ClientApp.swift in Sources */,
			);
			runOnlyForDeploymentPostprocessing = 0;
		};
		79C1F789273BFC3200DA1C8A /* Sources */ = {
			isa = PBXSourcesBuildPhase;
			buildActionMask = 2147483647;
			files = (
				79C1F792273BFC3200DA1C8A /* API_ClientTests.swift in Sources */,
			);
			runOnlyForDeploymentPostprocessing = 0;
		};
		79C1F793273BFC3200DA1C8A /* Sources */ = {
			isa = PBXSourcesBuildPhase;
			buildActionMask = 2147483647;
			files = (
				79C1F79E273BFC3200DA1C8A /* API_ClientUITestsLaunchTests.swift in Sources */,
				79C1F79C273BFC3200DA1C8A /* API_ClientUITests.swift in Sources */,
			);
			runOnlyForDeploymentPostprocessing = 0;
		};
/* End PBXSourcesBuildPhase section */

/* Begin PBXTargetDependency section */
		79C1F78F273BFC3200DA1C8A /* PBXTargetDependency */ = {
			isa = PBXTargetDependency;
			target = 79C1F77C273BFC2D00DA1C8A /* API Client */;
			targetProxy = 79C1F78E273BFC3200DA1C8A /* PBXContainerItemProxy */;
		};
		79C1F799273BFC3200DA1C8A /* PBXTargetDependency */ = {
			isa = PBXTargetDependency;
			target = 79C1F77C273BFC2D00DA1C8A /* API Client */;
			targetProxy = 79C1F798273BFC3200DA1C8A /* PBXContainerItemProxy */;
		};
/* End PBXTargetDependency section */

/* Begin XCBuildConfiguration section */
		79C1F79F273BFC3200DA1C8A /* Debug */ = {
			isa = XCBuildConfiguration;
			buildSettings = {
				ALWAYS_SEARCH_USER_PATHS = NO;
				CLANG_ANALYZER_NONNULL = YES;
				CLANG_ANALYZER_NUMBER_OBJECT_CONVERSION = YES_AGGRESSIVE;
				CLANG_CXX_LANGUAGE_STANDARD = "gnu++17";
				CLANG_CXX_LIBRARY = "libc++";
				CLANG_ENABLE_MODULES = YES;
				CLANG_ENABLE_OBJC_ARC = YES;
				CLANG_ENABLE_OBJC_WEAK = YES;
				CLANG_WARN_BLOCK_CAPTURE_AUTORELEASING = YES;
				CLANG_WARN_BOOL_CONVERSION = YES;
				CLANG_WARN_COMMA = YES;
				CLANG_WARN_CONSTANT_CONVERSION = YES;
				CLANG_WARN_DEPRECATED_OBJC_IMPLEMENTATIONS = YES;
				CLANG_WARN_DIRECT_OBJC_ISA_USAGE = YES_ERROR;
				CLANG_WARN_DOCUMENTATION_COMMENTS = YES;
				CLANG_WARN_EMPTY_BODY = YES;
				CLANG_WARN_ENUM_CONVERSION = YES;
				CLANG_WARN_INFINITE_RECURSION = YES;
				CLANG_WARN_INT_CONVERSION = YES;
				CLANG_WARN_NON_LITERAL_NULL_CONVERSION = YES;
				CLANG_WARN_OBJC_IMPLICIT_RETAIN_SELF = YES;
				CLANG_WARN_OBJC_LITERAL_CONVERSION = YES;
				CLANG_WARN_OBJC_ROOT_CLASS = YES_ERROR;
				CLANG_WARN_QUOTED_INCLUDE_IN_FRAMEWORK_HEADER = YES;
				CLANG_WARN_RANGE_LOOP_ANALYSIS = YES;
				CLANG_WARN_STRICT_PROTOTYPES = YES;
				CLANG_WARN_SUSPICIOUS_MOVE = YES;
				CLANG_WARN_UNGUARDED_AVAILABILITY = YES_AGGRESSIVE;
				CLANG_WARN_UNREACHABLE_CODE = YES;
				CLANG_WARN__DUPLICATE_METHOD_MATCH = YES;
				COPY_PHASE_STRIP = NO;
				DEBUG_INFORMATION_FORMAT = dwarf;
				ENABLE_STRICT_OBJC_MSGSEND = YES;
				ENABLE_TESTABILITY = YES;
				GCC_C_LANGUAGE_STANDARD = gnu11;
				GCC_DYNAMIC_NO_PIC = NO;
				GCC_NO_COMMON_BLOCKS = YES;
				GCC_OPTIMIZATION_LEVEL = 0;
				GCC_PREPROCESSOR_DEFINITIONS = (
					"DEBUG=1",
					"$(inherited)",
				);
				GCC_WARN_64_TO_32_BIT_CONVERSION = YES;
				GCC_WARN_ABOUT_RETURN_TYPE = YES_ERROR;
				GCC_WARN_UNDECLARED_SELECTOR = YES;
				GCC_WARN_UNINITIALIZED_AUTOS = YES_AGGRESSIVE;
				GCC_WARN_UNUSED_FUNCTION = YES;
				GCC_WARN_UNUSED_VARIABLE = YES;
				IPHONEOS_DEPLOYMENT_TARGET = 15.0;
				MTL_ENABLE_DEBUG_INFO = INCLUDE_SOURCE;
				MTL_FAST_MATH = YES;
				ONLY_ACTIVE_ARCH = YES;
				SDKROOT = iphoneos;
				SWIFT_ACTIVE_COMPILATION_CONDITIONS = DEBUG;
				SWIFT_OPTIMIZATION_LEVEL = "-Onone";
			};
			name = Debug;
		};
		79C1F7A0273BFC3200DA1C8A /* Release */ = {
			isa = XCBuildConfiguration;
			buildSettings = {
				ALWAYS_SEARCH_USER_PATHS = NO;
				CLANG_ANALYZER_NONNULL = YES;
				CLANG_ANALYZER_NUMBER_OBJECT_CONVERSION = YES_AGGRESSIVE;
				CLANG_CXX_LANGUAGE_STANDARD = "gnu++17";
				CLANG_CXX_LIBRARY = "libc++";
				CLANG_ENABLE_MODULES = YES;
				CLANG_ENABLE_OBJC_ARC = YES;
				CLANG_ENABLE_OBJC_WEAK = YES;
				CLANG_WARN_BLOCK_CAPTURE_AUTORELEASING = YES;
				CLANG_WARN_BOOL_CONVERSION = YES;
				CLANG_WARN_COMMA = YES;
				CLANG_WARN_CONSTANT_CONVERSION = YES;
				CLANG_WARN_DEPRECATED_OBJC_IMPLEMENTATIONS = YES;
				CLANG_WARN_DIRECT_OBJC_ISA_USAGE = YES_ERROR;
				CLANG_WARN_DOCUMENTATION_COMMENTS = YES;
				CLANG_WARN_EMPTY_BODY = YES;
				CLANG_WARN_ENUM_CONVERSION = YES;
				CLANG_WARN_INFINITE_RECURSION = YES;
				CLANG_WARN_INT_CONVERSION = YES;
				CLANG_WARN_NON_LITERAL_NULL_CONVERSION = YES;
				CLANG_WARN_OBJC_IMPLICIT_RETAIN_SELF = YES;
				CLANG_WARN_OBJC_LITERAL_CONVERSION = YES;
				CLANG_WARN_OBJC_ROOT_CLASS = YES_ERROR;
				CLANG_WARN_QUOTED_INCLUDE_IN_FRAMEWORK_HEADER = YES;
				CLANG_WARN_RANGE_LOOP_ANALYSIS = YES;
				CLANG_WARN_STRICT_PROTOTYPES = YES;
				CLANG_WARN_SUSPICIOUS_MOVE = YES;
				CLANG_WARN_UNGUARDED_AVAILABILITY = YES_AGGRESSIVE;
				CLANG_WARN_UNREACHABLE_CODE = YES;
				CLANG_WARN__DUPLICATE_METHOD_MATCH = YES;
				COPY_PHASE_STRIP = NO;
				DEBUG_INFORMATION_FORMAT = "dwarf-with-dsym";
				ENABLE_NS_ASSERTIONS = NO;
				ENABLE_STRICT_OBJC_MSGSEND = YES;
				GCC_C_LANGUAGE_STANDARD = gnu11;
				GCC_NO_COMMON_BLOCKS = YES;
				GCC_WARN_64_TO_32_BIT_CONVERSION = YES;
				GCC_WARN_ABOUT_RETURN_TYPE = YES_ERROR;
				GCC_WARN_UNDECLARED_SELECTOR = YES;
				GCC_WARN_UNINITIALIZED_AUTOS = YES_AGGRESSIVE;
				GCC_WARN_UNUSED_FUNCTION = YES;
				GCC_WARN_UNUSED_VARIABLE = YES;
				IPHONEOS_DEPLOYMENT_TARGET = 15.0;
				MTL_ENABLE_DEBUG_INFO = NO;
				MTL_FAST_MATH = YES;
				SDKROOT = iphoneos;
				SWIFT_COMPILATION_MODE = wholemodule;
				SWIFT_OPTIMIZATION_LEVEL = "-O";
				VALIDATE_PRODUCT = YES;
			};
			name = Release;
		};
		79C1F7A2273BFC3200DA1C8A /* Debug */ = {
			isa = XCBuildConfiguration;
			buildSettings = {
				ASSETCATALOG_COMPILER_APPICON_NAME = AppIcon;
				ASSETCATALOG_COMPILER_GLOBAL_ACCENT_COLOR_NAME = AccentColor;
				CODE_SIGN_STYLE = Automatic;
				CURRENT_PROJECT_VERSION = 1;
				DEVELOPMENT_ASSET_PATHS = "\"API Client/Preview Content\"";
				ENABLE_PREVIEWS = YES;
				GENERATE_INFOPLIST_FILE = YES;
				INFOPLIST_KEY_UIApplicationSceneManifest_Generation = YES;
				INFOPLIST_KEY_UIApplicationSupportsIndirectInputEvents = YES;
				INFOPLIST_KEY_UILaunchScreen_Generation = YES;
				INFOPLIST_KEY_UISupportedInterfaceOrientations_iPad = "UIInterfaceOrientationPortrait UIInterfaceOrientationPortraitUpsideDown UIInterfaceOrientationLandscapeLeft UIInterfaceOrientationLandscapeRight";
				INFOPLIST_KEY_UISupportedInterfaceOrientations_iPhone = "UIInterfaceOrientationPortrait UIInterfaceOrientationLandscapeLeft UIInterfaceOrientationLandscapeRight";
				IPHONEOS_DEPLOYMENT_TARGET = 14.0;
				LD_RUNPATH_SEARCH_PATHS = (
					"$(inherited)",
					"@executable_path/Frameworks",
				);
				MARKETING_VERSION = 1.0;
				PRODUCT_BUNDLE_IDENTIFIER = "ro.infloresc.API-Client";
				PRODUCT_NAME = "$(TARGET_NAME)";
				SWIFT_EMIT_LOC_STRINGS = YES;
				SWIFT_VERSION = 5.0;
				TARGETED_DEVICE_FAMILY = "1,2";
			};
			name = Debug;
		};
		79C1F7A3273BFC3200DA1C8A /* Release */ = {
			isa = XCBuildConfiguration;
			buildSettings = {
				ASSETCATALOG_COMPILER_APPICON_NAME = AppIcon;
				ASSETCATALOG_COMPILER_GLOBAL_ACCENT_COLOR_NAME = AccentColor;
				CODE_SIGN_STYLE = Automatic;
				CURRENT_PROJECT_VERSION = 1;
				DEVELOPMENT_ASSET_PATHS = "\"API Client/Preview Content\"";
				ENABLE_PREVIEWS = YES;
				GENERATE_INFOPLIST_FILE = YES;
				INFOPLIST_KEY_UIApplicationSceneManifest_Generation = YES;
				INFOPLIST_KEY_UIApplicationSupportsIndirectInputEvents = YES;
				INFOPLIST_KEY_UILaunchScreen_Generation = YES;
				INFOPLIST_KEY_UISupportedInterfaceOrientations_iPad = "UIInterfaceOrientationPortrait UIInterfaceOrientationPortraitUpsideDown UIInterfaceOrientationLandscapeLeft UIInterfaceOrientationLandscapeRight";
				INFOPLIST_KEY_UISupportedInterfaceOrientations_iPhone = "UIInterfaceOrientationPortrait UIInterfaceOrientationLandscapeLeft UIInterfaceOrientationLandscapeRight";
				IPHONEOS_DEPLOYMENT_TARGET = 14.0;
				LD_RUNPATH_SEARCH_PATHS = (
					"$(inherited)",
					"@executable_path/Frameworks",
				);
				MARKETING_VERSION = 1.0;
				PRODUCT_BUNDLE_IDENTIFIER = "ro.infloresc.API-Client";
				PRODUCT_NAME = "$(TARGET_NAME)";
				SWIFT_EMIT_LOC_STRINGS = YES;
				SWIFT_VERSION = 5.0;
				TARGETED_DEVICE_FAMILY = "1,2";
			};
			name = Release;
		};
		79C1F7A5273BFC3300DA1C8A /* Debug */ = {
			isa = XCBuildConfiguration;
			buildSettings = {
				ALWAYS_EMBED_SWIFT_STANDARD_LIBRARIES = YES;
				BUNDLE_LOADER = "$(TEST_HOST)";
				CODE_SIGN_STYLE = Automatic;
				CURRENT_PROJECT_VERSION = 1;
				GENERATE_INFOPLIST_FILE = YES;
				IPHONEOS_DEPLOYMENT_TARGET = 14.0;
				LD_RUNPATH_SEARCH_PATHS = (
					"$(inherited)",
					"@executable_path/Frameworks",
					"@loader_path/Frameworks",
				);
				MARKETING_VERSION = 1.0;
				PRODUCT_BUNDLE_IDENTIFIER = "ro.infloresc.API-ClientTests";
				PRODUCT_NAME = "$(TARGET_NAME)";
				SWIFT_EMIT_LOC_STRINGS = NO;
				SWIFT_VERSION = 5.0;
				TARGETED_DEVICE_FAMILY = "1,2";
				TEST_HOST = "$(BUILT_PRODUCTS_DIR)/API Client.app/API Client";
			};
			name = Debug;
		};
		79C1F7A6273BFC3300DA1C8A /* Release */ = {
			isa = XCBuildConfiguration;
			buildSettings = {
				ALWAYS_EMBED_SWIFT_STANDARD_LIBRARIES = YES;
				BUNDLE_LOADER = "$(TEST_HOST)";
				CODE_SIGN_STYLE = Automatic;
				CURRENT_PROJECT_VERSION = 1;
				GENERATE_INFOPLIST_FILE = YES;
				IPHONEOS_DEPLOYMENT_TARGET = 14.0;
				LD_RUNPATH_SEARCH_PATHS = (
					"$(inherited)",
					"@executable_path/Frameworks",
					"@loader_path/Frameworks",
				);
				MARKETING_VERSION = 1.0;
				PRODUCT_BUNDLE_IDENTIFIER = "ro.infloresc.API-ClientTests";
				PRODUCT_NAME = "$(TARGET_NAME)";
				SWIFT_EMIT_LOC_STRINGS = NO;
				SWIFT_VERSION = 5.0;
				TARGETED_DEVICE_FAMILY = "1,2";
				TEST_HOST = "$(BUILT_PRODUCTS_DIR)/API Client.app/API Client";
			};
			name = Release;
		};
		79C1F7A8273BFC3300DA1C8A /* Debug */ = {
			isa = XCBuildConfiguration;
			buildSettings = {
				ALWAYS_EMBED_SWIFT_STANDARD_LIBRARIES = YES;
				CODE_SIGN_STYLE = Automatic;
				CURRENT_PROJECT_VERSION = 1;
				GENERATE_INFOPLIST_FILE = YES;
				LD_RUNPATH_SEARCH_PATHS = (
					"$(inherited)",
					"@executable_path/Frameworks",
					"@loader_path/Frameworks",
				);
				MARKETING_VERSION = 1.0;
				PRODUCT_BUNDLE_IDENTIFIER = "ro.infloresc.API-ClientUITests";
				PRODUCT_NAME = "$(TARGET_NAME)";
				SWIFT_EMIT_LOC_STRINGS = NO;
				SWIFT_VERSION = 5.0;
				TARGETED_DEVICE_FAMILY = "1,2";
				TEST_TARGET_NAME = "API Client";
			};
			name = Debug;
		};
		79C1F7A9273BFC3300DA1C8A /* Release */ = {
			isa = XCBuildConfiguration;
			buildSettings = {
				ALWAYS_EMBED_SWIFT_STANDARD_LIBRARIES = YES;
				CODE_SIGN_STYLE = Automatic;
				CURRENT_PROJECT_VERSION = 1;
				GENERATE_INFOPLIST_FILE = YES;
				LD_RUNPATH_SEARCH_PATHS = (
					"$(inherited)",
					"@executable_path/Frameworks",
					"@loader_path/Frameworks",
				);
				MARKETING_VERSION = 1.0;
				PRODUCT_BUNDLE_IDENTIFIER = "ro.infloresc.API-ClientUITests";
				PRODUCT_NAME = "$(TARGET_NAME)";
				SWIFT_EMIT_LOC_STRINGS = NO;
				SWIFT_VERSION = 5.0;
				TARGETED_DEVICE_FAMILY = "1,2";
				TEST_TARGET_NAME = "API Client";
			};
			name = Release;
		};
/* End XCBuildConfiguration section */

/* Begin XCConfigurationList section */
		79C1F778273BFC2C00DA1C8A /* Build configuration list for PBXProject "API Client" */ = {
			isa = XCConfigurationList;
			buildConfigurations = (
				79C1F79F273BFC3200DA1C8A /* Debug */,
				79C1F7A0273BFC3200DA1C8A /* Release */,
			);
			defaultConfigurationIsVisible = 0;
			defaultConfigurationName = Release;
		};
		79C1F7A1273BFC3200DA1C8A /* Build configuration list for PBXNativeTarget "API Client" */ = {
			isa = XCConfigurationList;
			buildConfigurations = (
				79C1F7A2273BFC3200DA1C8A /* Debug */,
				79C1F7A3273BFC3200DA1C8A /* Release */,
			);
			defaultConfigurationIsVisible = 0;
			defaultConfigurationName = Release;
		};
		79C1F7A4273BFC3300DA1C8A /* Build configuration list for PBXNativeTarget "API ClientTests" */ = {
			isa = XCConfigurationList;
			buildConfigurations = (
				79C1F7A5273BFC3300DA1C8A /* Debug */,
				79C1F7A6273BFC3300DA1C8A /* Release */,
			);
			defaultConfigurationIsVisible = 0;
			defaultConfigurationName = Release;
		};
		79C1F7A7273BFC3300DA1C8A /* Build configuration list for PBXNativeTarget "API ClientUITests" */ = {
			isa = XCConfigurationList;
			buildConfigurations = (
				79C1F7A8273BFC3300DA1C8A /* Debug */,
				79C1F7A9273BFC3300DA1C8A /* Release */,
			);
			defaultConfigurationIsVisible = 0;
			defaultConfigurationName = Release;
		};
/* End XCConfigurationList section */
	};
	rootObject = 79C1F775273BFC2C00DA1C8A /* Project object */;
}
