// !$*UTF8*$!
{
	archiveVersion = 1;
	classes = {
	};
	objectVersion = 55;
	objects = {

/* Begin PBXBuildFile section */
		790D6E3E28E5E3FF002A42AE /* DMWithVMTableViewController.swift in Sources */ = {isa = PBXBuildFile; fileRef = 790D6E3D28E5E3FE002A42AE /* DMWithVMTableViewController.swift */; };
		790D6E4028E5E419002A42AE /* DMWithVMViewModel.swift in Sources */ = {isa = PBXBuildFile; fileRef = 790D6E3F28E5E419002A42AE /* DMWithVMViewModel.swift */; };
		790D6E4228E5E5EB002A42AE /* UIColor+Dynamic.swift in Sources */ = {isa = PBXBuildFile; fileRef = 790D6E4128E5E5EB002A42AE /* UIColor+Dynamic.swift */; };
		790D6E4428E5E8A5002A42AE /* UserDefaults+Preferences.swift in Sources */ = {isa = PBXBuildFile; fileRef = 790D6E4328E5E8A5002A42AE /* UserDefaults+Preferences.swift */; };
		790D6E4628E5EB0F002A42AE /* SceneDelegate.swift in Sources */ = {isa = PBXBuildFile; fileRef = 790D6E4528E5EB0F002A42AE /* SceneDelegate.swift */; };
		7920647828DCB98000416734 /* UITableViewCell+applyStyles.swift in Sources */ = {isa = PBXBuildFile; fileRef = 7920647728DCB98000416734 /* UITableViewCell+applyStyles.swift */; };
		7920647D28DCC3C800416734 /* DMWithSwiftUIView.swift in Sources */ = {isa = PBXBuildFile; fileRef = 7920647C28DCC3C800416734 /* DMWithSwiftUIView.swift */; };
		79B7A16728DC8C88005695E7 /* Main.storyboard in Resources */ = {isa = PBXBuildFile; fileRef = 79B7A16628DC8C88005695E7 /* Main.storyboard */; };
		79B7A16928DC8DDF005695E7 /* README.md in Resources */ = {isa = PBXBuildFile; fileRef = 79B7A16828DC8DDE005695E7 /* README.md */; };
		79B7A16A28DC90DA005695E7 /* DarkModeAppApp.swift in Sources */ = {isa = PBXBuildFile; fileRef = 79FE3A0528DC866E006A76E0 /* DarkModeAppApp.swift */; };
		79B7A16B28DC90DD005695E7 /* ContentView.swift in Sources */ = {isa = PBXBuildFile; fileRef = 79FE3A0728DC866E006A76E0 /* ContentView.swift */; };
		79B7A16D28DC911F005695E7 /* AppDelegate.swift in Sources */ = {isa = PBXBuildFile; fileRef = 79B7A16C28DC911F005695E7 /* AppDelegate.swift */; };
		79B7A17628DC9733005695E7 /* DriveViewController.swift in Sources */ = {isa = PBXBuildFile; fileRef = 79B7A17528DC9733005695E7 /* DriveViewController.swift */; };
		79B7A17828DC98AF005695E7 /* ExpediteViewController.swift in Sources */ = {isa = PBXBuildFile; fileRef = 79B7A17728DC98AF005695E7 /* ExpediteViewController.swift */; };
		79B7A17A28DC993E005695E7 /* SettingsTableViewController.swift in Sources */ = {isa = PBXBuildFile; fileRef = 79B7A17928DC993E005695E7 /* SettingsTableViewController.swift */; };
		79B7A17D28DCA0FC005695E7 /* Colors.xcassets in Resources */ = {isa = PBXBuildFile; fileRef = 79B7A17C28DCA0FC005695E7 /* Colors.xcassets */; };
		79B7A17F28DCA744005695E7 /* SettingsViewModel.swift in Sources */ = {isa = PBXBuildFile; fileRef = 79B7A17E28DCA744005695E7 /* SettingsViewModel.swift */; };
		79B7A18928DCADCE005695E7 /* DMWithXIBTableViewController.swift in Sources */ = {isa = PBXBuildFile; fileRef = 79B7A18728DCADCE005695E7 /* DMWithXIBTableViewController.swift */; };
		79B7A18A28DCADCE005695E7 /* DMWithXIBTableViewController.xib in Resources */ = {isa = PBXBuildFile; fileRef = 79B7A18828DCADCE005695E7 /* DMWithXIBTableViewController.xib */; };
		79FE3A0A28DC8672006A76E0 /* Assets.xcassets in Resources */ = {isa = PBXBuildFile; fileRef = 79FE3A0928DC8672006A76E0 /* Assets.xcassets */; };
		79FE3A0D28DC8672006A76E0 /* Preview Assets.xcassets in Resources */ = {isa = PBXBuildFile; fileRef = 79FE3A0C28DC8672006A76E0 /* Preview Assets.xcassets */; };
		79FE3A1728DC8672006A76E0 /* DarkModeAppTests.swift in Sources */ = {isa = PBXBuildFile; fileRef = 79FE3A1628DC8672006A76E0 /* DarkModeAppTests.swift */; };
		79FE3A2128DC8673006A76E0 /* DarkModeAppUITests.swift in Sources */ = {isa = PBXBuildFile; fileRef = 79FE3A2028DC8673006A76E0 /* DarkModeAppUITests.swift */; };
		79FE3A2328DC8673006A76E0 /* DarkModeAppUITestsLaunchTests.swift in Sources */ = {isa = PBXBuildFile; fileRef = 79FE3A2228DC8673006A76E0 /* DarkModeAppUITestsLaunchTests.swift */; };
/* End PBXBuildFile section */

/* Begin PBXContainerItemProxy section */
		79FE3A1328DC8672006A76E0 /* PBXContainerItemProxy */ = {
			isa = PBXContainerItemProxy;
			containerPortal = 79FE39FA28DC866E006A76E0 /* Project object */;
			proxyType = 1;
			remoteGlobalIDString = 79FE3A0128DC866E006A76E0;
			remoteInfo = DarkModeApp;
		};
		79FE3A1D28DC8673006A76E0 /* PBXContainerItemProxy */ = {
			isa = PBXContainerItemProxy;
			containerPortal = 79FE39FA28DC866E006A76E0 /* Project object */;
			proxyType = 1;
			remoteGlobalIDString = 79FE3A0128DC866E006A76E0;
			remoteInfo = DarkModeApp;
		};
/* End PBXContainerItemProxy section */

/* Begin PBXFileReference section */
		790D6E3D28E5E3FE002A42AE /* DMWithVMTableViewController.swift */ = {isa = PBXFileReference; lastKnownFileType = sourcecode.swift; path = DMWithVMTableViewController.swift; sourceTree = "<group>"; };
		790D6E3F28E5E419002A42AE /* DMWithVMViewModel.swift */ = {isa = PBXFileReference; lastKnownFileType = sourcecode.swift; path = DMWithVMViewModel.swift; sourceTree = "<group>"; };
		790D6E4128E5E5EB002A42AE /* UIColor+Dynamic.swift */ = {isa = PBXFileReference; lastKnownFileType = sourcecode.swift; path = "UIColor+Dynamic.swift"; sourceTree = "<group>"; };
		790D6E4328E5E8A5002A42AE /* UserDefaults+Preferences.swift */ = {isa = PBXFileReference; lastKnownFileType = sourcecode.swift; path = "UserDefaults+Preferences.swift"; sourceTree = "<group>"; };
		790D6E4528E5EB0F002A42AE /* SceneDelegate.swift */ = {isa = PBXFileReference; lastKnownFileType = sourcecode.swift; path = SceneDelegate.swift; sourceTree = "<group>"; };
		7920647728DCB98000416734 /* UITableViewCell+applyStyles.swift */ = {isa = PBXFileReference; lastKnownFileType = sourcecode.swift; path = "UITableViewCell+applyStyles.swift"; sourceTree = "<group>"; };
		7920647C28DCC3C800416734 /* DMWithSwiftUIView.swift */ = {isa = PBXFileReference; lastKnownFileType = sourcecode.swift; path = DMWithSwiftUIView.swift; sourceTree = "<group>"; };
		79B7A16628DC8C88005695E7 /* Main.storyboard */ = {isa = PBXFileReference; fileEncoding = 4; lastKnownFileType = file.storyboard; path = Main.storyboard; sourceTree = "<group>"; };
		79B7A16828DC8DDE005695E7 /* README.md */ = {isa = PBXFileReference; fileEncoding = 4; lastKnownFileType = net.daringfireball.markdown; name = README.md; path = ../README.md; sourceTree = "<group>"; };
		79B7A16C28DC911F005695E7 /* AppDelegate.swift */ = {isa = PBXFileReference; lastKnownFileType = sourcecode.swift; path = AppDelegate.swift; sourceTree = "<group>"; };
		79B7A17528DC9733005695E7 /* DriveViewController.swift */ = {isa = PBXFileReference; lastKnownFileType = sourcecode.swift; path = DriveViewController.swift; sourceTree = "<group>"; };
		79B7A17728DC98AF005695E7 /* ExpediteViewController.swift */ = {isa = PBXFileReference; lastKnownFileType = sourcecode.swift; path = ExpediteViewController.swift; sourceTree = "<group>"; };
		79B7A17928DC993E005695E7 /* SettingsTableViewController.swift */ = {isa = PBXFileReference; lastKnownFileType = sourcecode.swift; path = SettingsTableViewController.swift; sourceTree = "<group>"; };
		79B7A17C28DCA0FC005695E7 /* Colors.xcassets */ = {isa = PBXFileReference; lastKnownFileType = folder.assetcatalog; path = Colors.xcassets; sourceTree = "<group>"; };
		79B7A17E28DCA744005695E7 /* SettingsViewModel.swift */ = {isa = PBXFileReference; lastKnownFileType = sourcecode.swift; path = SettingsViewModel.swift; sourceTree = "<group>"; };
		79B7A18728DCADCE005695E7 /* DMWithXIBTableViewController.swift */ = {isa = PBXFileReference; lastKnownFileType = sourcecode.swift; path = DMWithXIBTableViewController.swift; sourceTree = "<group>"; };
		79B7A18828DCADCE005695E7 /* DMWithXIBTableViewController.xib */ = {isa = PBXFileReference; lastKnownFileType = file.xib; path = DMWithXIBTableViewController.xib; sourceTree = "<group>"; };
		79FE3A0228DC866E006A76E0 /* DarkModeApp.app */ = {isa = PBXFileReference; explicitFileType = wrapper.application; includeInIndex = 0; path = DarkModeApp.app; sourceTree = BUILT_PRODUCTS_DIR; };
		79FE3A0528DC866E006A76E0 /* DarkModeAppApp.swift */ = {isa = PBXFileReference; lastKnownFileType = sourcecode.swift; path = DarkModeAppApp.swift; sourceTree = "<group>"; };
		79FE3A0728DC866E006A76E0 /* ContentView.swift */ = {isa = PBXFileReference; lastKnownFileType = sourcecode.swift; path = ContentView.swift; sourceTree = "<group>"; };
		79FE3A0928DC8672006A76E0 /* Assets.xcassets */ = {isa = PBXFileReference; lastKnownFileType = folder.assetcatalog; path = Assets.xcassets; sourceTree = "<group>"; };
		79FE3A0C28DC8672006A76E0 /* Preview Assets.xcassets */ = {isa = PBXFileReference; lastKnownFileType = folder.assetcatalog; path = "Preview Assets.xcassets"; sourceTree = "<group>"; };
		79FE3A1228DC8672006A76E0 /* DarkModeAppTests.xctest */ = {isa = PBXFileReference; explicitFileType = wrapper.cfbundle; includeInIndex = 0; path = DarkModeAppTests.xctest; sourceTree = BUILT_PRODUCTS_DIR; };
		79FE3A1628DC8672006A76E0 /* DarkModeAppTests.swift */ = {isa = PBXFileReference; lastKnownFileType = sourcecode.swift; path = DarkModeAppTests.swift; sourceTree = "<group>"; };
		79FE3A1C28DC8673006A76E0 /* DarkModeAppUITests.xctest */ = {isa = PBXFileReference; explicitFileType = wrapper.cfbundle; includeInIndex = 0; path = DarkModeAppUITests.xctest; sourceTree = BUILT_PRODUCTS_DIR; };
		79FE3A2028DC8673006A76E0 /* DarkModeAppUITests.swift */ = {isa = PBXFileReference; lastKnownFileType = sourcecode.swift; path = DarkModeAppUITests.swift; sourceTree = "<group>"; };
		79FE3A2228DC8673006A76E0 /* DarkModeAppUITestsLaunchTests.swift */ = {isa = PBXFileReference; lastKnownFileType = sourcecode.swift; path = DarkModeAppUITestsLaunchTests.swift; sourceTree = "<group>"; };
/* End PBXFileReference section */

/* Begin PBXFrameworksBuildPhase section */
		79FE39FF28DC866E006A76E0 /* Frameworks */ = {
			isa = PBXFrameworksBuildPhase;
			buildActionMask = 2147483647;
			files = (
			);
			runOnlyForDeploymentPostprocessing = 0;
		};
		79FE3A0F28DC8672006A76E0 /* Frameworks */ = {
			isa = PBXFrameworksBuildPhase;
			buildActionMask = 2147483647;
			files = (
			);
			runOnlyForDeploymentPostprocessing = 0;
		};
		79FE3A1928DC8673006A76E0 /* Frameworks */ = {
			isa = PBXFrameworksBuildPhase;
			buildActionMask = 2147483647;
			files = (
			);
			runOnlyForDeploymentPostprocessing = 0;
		};
/* End PBXFrameworksBuildPhase section */

/* Begin PBXGroup section */
		7920647628DCB95C00416734 /* Helpers */ = {
			isa = PBXGroup;
			children = (
				7920647728DCB98000416734 /* UITableViewCell+applyStyles.swift */,
				790D6E4128E5E5EB002A42AE /* UIColor+Dynamic.swift */,
				790D6E4328E5E8A5002A42AE /* UserDefaults+Preferences.swift */,
			);
			path = Helpers;
			sourceTree = "<group>";
		};
		7920647928DCC37D00416734 /* DMWithVM */ = {
			isa = PBXGroup;
			children = (
				790D6E3D28E5E3FE002A42AE /* DMWithVMTableViewController.swift */,
				790D6E3F28E5E419002A42AE /* DMWithVMViewModel.swift */,
			);
			path = DMWithVM;
			sourceTree = "<group>";
		};
		7920647A28DCC38B00416734 /* DMWithCombine */ = {
			isa = PBXGroup;
			children = (
			);
			path = DMWithCombine;
			sourceTree = "<group>";
		};
		7920647B28DCC39900416734 /* DMWithStack */ = {
			isa = PBXGroup;
			children = (
			);
			path = DMWithStack;
			sourceTree = "<group>";
		};
		7920647E28DCC3CE00416734 /* DMWithSwiftUI */ = {
			isa = PBXGroup;
			children = (
				7920647C28DCC3C800416734 /* DMWithSwiftUIView.swift */,
			);
			path = DMWithSwiftUI;
			sourceTree = "<group>";
		};
		79B14A7C28FFFED10036A853 /* MultipleTimers */ = {
			isa = PBXGroup;
			children = (
			);
			path = MultipleTimers;
			sourceTree = "<group>";
		};
		79B7A16528DC8C39005695E7 /* Storyboard */ = {
			isa = PBXGroup;
			children = (
				79B7A16628DC8C88005695E7 /* Main.storyboard */,
			);
			path = Storyboard;
			sourceTree = "<group>";
		};
		79B7A16E28DC9127005695E7 /* Main */ = {
			isa = PBXGroup;
			children = (
				79B7A16C28DC911F005695E7 /* AppDelegate.swift */,
				79FE3A0728DC866E006A76E0 /* ContentView.swift */,
				79FE3A0528DC866E006A76E0 /* DarkModeAppApp.swift */,
				790D6E4528E5EB0F002A42AE /* SceneDelegate.swift */,
			);
			path = Main;
			sourceTree = "<group>";
		};
		79B7A16F28DC9138005695E7 /* Resources */ = {
			isa = PBXGroup;
			children = (
				79FE3A0B28DC8672006A76E0 /* Preview Content */,
				79FE3A0928DC8672006A76E0 /* Assets.xcassets */,
				79B7A17C28DCA0FC005695E7 /* Colors.xcassets */,
			);
			path = Resources;
			sourceTree = "<group>";
		};
		79B7A17228DC9703005695E7 /* Drive */ = {
			isa = PBXGroup;
			children = (
				79B7A17528DC9733005695E7 /* DriveViewController.swift */,
			);
			path = Drive;
			sourceTree = "<group>";
		};
		79B7A17328DC9709005695E7 /* Expedite */ = {
			isa = PBXGroup;
			children = (
				79B7A17728DC98AF005695E7 /* ExpediteViewController.swift */,
			);
			path = Expedite;
			sourceTree = "<group>";
		};
		79B7A17428DC970F005695E7 /* Settings */ = {
			isa = PBXGroup;
			children = (
				79B14A7C28FFFED10036A853 /* MultipleTimers */,
				7920647A28DCC38B00416734 /* DMWithCombine */,
				7920647B28DCC39900416734 /* DMWithStack */,
				7920647E28DCC3CE00416734 /* DMWithSwiftUI */,
				7920647928DCC37D00416734 /* DMWithVM */,
				79B7A18628DCADA9005695E7 /* DMWithXIB */,
				79B7A17928DC993E005695E7 /* SettingsTableViewController.swift */,
				79B7A17E28DCA744005695E7 /* SettingsViewModel.swift */,
			);
			path = Settings;
			sourceTree = "<group>";
		};
		79B7A18628DCADA9005695E7 /* DMWithXIB */ = {
			isa = PBXGroup;
			children = (
				79B7A18728DCADCE005695E7 /* DMWithXIBTableViewController.swift */,
				79B7A18828DCADCE005695E7 /* DMWithXIBTableViewController.xib */,
			);
			path = DMWithXIB;
			sourceTree = "<group>";
		};
		79FE39F928DC866E006A76E0 = {
			isa = PBXGroup;
			children = (
				79B7A16828DC8DDE005695E7 /* README.md */,
				79FE3A0428DC866E006A76E0 /* DarkModeApp */,
				79FE3A1528DC8672006A76E0 /* DarkModeAppTests */,
				79FE3A1F28DC8673006A76E0 /* DarkModeAppUITests */,
				79FE3A0328DC866E006A76E0 /* Products */,
			);
			sourceTree = "<group>";
		};
		79FE3A0328DC866E006A76E0 /* Products */ = {
			isa = PBXGroup;
			children = (
				79FE3A0228DC866E006A76E0 /* DarkModeApp.app */,
				79FE3A1228DC8672006A76E0 /* DarkModeAppTests.xctest */,
				79FE3A1C28DC8673006A76E0 /* DarkModeAppUITests.xctest */,
			);
			name = Products;
			sourceTree = "<group>";
		};
		79FE3A0428DC866E006A76E0 /* DarkModeApp */ = {
			isa = PBXGroup;
			children = (
				7920647628DCB95C00416734 /* Helpers */,
				79B7A17228DC9703005695E7 /* Drive */,
				79B7A17328DC9709005695E7 /* Expedite */,
				79B7A16E28DC9127005695E7 /* Main */,
				79B7A16528DC8C39005695E7 /* Storyboard */,
				79B7A16F28DC9138005695E7 /* Resources */,
				79B7A17428DC970F005695E7 /* Settings */,
			);
			path = DarkModeApp;
			sourceTree = "<group>";
		};
		79FE3A0B28DC8672006A76E0 /* Preview Content */ = {
			isa = PBXGroup;
			children = (
				79FE3A0C28DC8672006A76E0 /* Preview Assets.xcassets */,
			);
			path = "Preview Content";
			sourceTree = "<group>";
		};
		79FE3A1528DC8672006A76E0 /* DarkModeAppTests */ = {
			isa = PBXGroup;
			children = (
				79FE3A1628DC8672006A76E0 /* DarkModeAppTests.swift */,
			);
			path = DarkModeAppTests;
			sourceTree = "<group>";
		};
		79FE3A1F28DC8673006A76E0 /* DarkModeAppUITests */ = {
			isa = PBXGroup;
			children = (
				79FE3A2028DC8673006A76E0 /* DarkModeAppUITests.swift */,
				79FE3A2228DC8673006A76E0 /* DarkModeAppUITestsLaunchTests.swift */,
			);
			path = DarkModeAppUITests;
			sourceTree = "<group>";
		};
/* End PBXGroup section */

/* Begin PBXNativeTarget section */
		79FE3A0128DC866E006A76E0 /* DarkModeApp */ = {
			isa = PBXNativeTarget;
			buildConfigurationList = 79FE3A2628DC8673006A76E0 /* Build configuration list for PBXNativeTarget "DarkModeApp" */;
			buildPhases = (
				79FE39FE28DC866E006A76E0 /* Sources */,
				79FE39FF28DC866E006A76E0 /* Frameworks */,
				79FE3A0028DC866E006A76E0 /* Resources */,
			);
			buildRules = (
			);
			dependencies = (
			);
			name = DarkModeApp;
			productName = DarkModeApp;
			productReference = 79FE3A0228DC866E006A76E0 /* DarkModeApp.app */;
			productType = "com.apple.product-type.application";
		};
		79FE3A1128DC8672006A76E0 /* DarkModeAppTests */ = {
			isa = PBXNativeTarget;
			buildConfigurationList = 79FE3A2928DC8673006A76E0 /* Build configuration list for PBXNativeTarget "DarkModeAppTests" */;
			buildPhases = (
				79FE3A0E28DC8672006A76E0 /* Sources */,
				79FE3A0F28DC8672006A76E0 /* Frameworks */,
				79FE3A1028DC8672006A76E0 /* Resources */,
			);
			buildRules = (
			);
			dependencies = (
				79FE3A1428DC8672006A76E0 /* PBXTargetDependency */,
			);
			name = DarkModeAppTests;
			productName = DarkModeAppTests;
			productReference = 79FE3A1228DC8672006A76E0 /* DarkModeAppTests.xctest */;
			productType = "com.apple.product-type.bundle.unit-test";
		};
		79FE3A1B28DC8673006A76E0 /* DarkModeAppUITests */ = {
			isa = PBXNativeTarget;
			buildConfigurationList = 79FE3A2C28DC8673006A76E0 /* Build configuration list for PBXNativeTarget "DarkModeAppUITests" */;
			buildPhases = (
				79FE3A1828DC8673006A76E0 /* Sources */,
				79FE3A1928DC8673006A76E0 /* Frameworks */,
				79FE3A1A28DC8673006A76E0 /* Resources */,
			);
			buildRules = (
			);
			dependencies = (
				79FE3A1E28DC8673006A76E0 /* PBXTargetDependency */,
			);
			name = DarkModeAppUITests;
			productName = DarkModeAppUITests;
			productReference = 79FE3A1C28DC8673006A76E0 /* DarkModeAppUITests.xctest */;
			productType = "com.apple.product-type.bundle.ui-testing";
		};
/* End PBXNativeTarget section */

/* Begin PBXProject section */
		79FE39FA28DC866E006A76E0 /* Project object */ = {
			isa = PBXProject;
			attributes = {
				BuildIndependentTargetsInParallel = 1;
				LastSwiftUpdateCheck = 1340;
				LastUpgradeCheck = 1340;
				TargetAttributes = {
					79FE3A0128DC866E006A76E0 = {
						CreatedOnToolsVersion = 13.4.1;
					};
					79FE3A1128DC8672006A76E0 = {
						CreatedOnToolsVersion = 13.4.1;
						TestTargetID = 79FE3A0128DC866E006A76E0;
					};
					79FE3A1B28DC8673006A76E0 = {
						CreatedOnToolsVersion = 13.4.1;
						TestTargetID = 79FE3A0128DC866E006A76E0;
					};
				};
			};
			buildConfigurationList = 79FE39FD28DC866E006A76E0 /* Build configuration list for PBXProject "DarkModeApp" */;
			compatibilityVersion = "Xcode 13.0";
			developmentRegion = en;
			hasScannedForEncodings = 0;
			knownRegions = (
				en,
				Base,
			);
			mainGroup = 79FE39F928DC866E006A76E0;
			productRefGroup = 79FE3A0328DC866E006A76E0 /* Products */;
			projectDirPath = "";
			projectRoot = "";
			targets = (
				79FE3A0128DC866E006A76E0 /* DarkModeApp */,
				79FE3A1128DC8672006A76E0 /* DarkModeAppTests */,
				79FE3A1B28DC8673006A76E0 /* DarkModeAppUITests */,
			);
		};
/* End PBXProject section */

/* Begin PBXResourcesBuildPhase section */
		79FE3A0028DC866E006A76E0 /* Resources */ = {
			isa = PBXResourcesBuildPhase;
			buildActionMask = 2147483647;
			files = (
				79B7A17D28DCA0FC005695E7 /* Colors.xcassets in Resources */,
				79FE3A0D28DC8672006A76E0 /* Preview Assets.xcassets in Resources */,
				79B7A18A28DCADCE005695E7 /* DMWithXIBTableViewController.xib in Resources */,
				79B7A16728DC8C88005695E7 /* Main.storyboard in Resources */,
				79B7A16928DC8DDF005695E7 /* README.md in Resources */,
				79FE3A0A28DC8672006A76E0 /* Assets.xcassets in Resources */,
			);
			runOnlyForDeploymentPostprocessing = 0;
		};
		79FE3A1028DC8672006A76E0 /* Resources */ = {
			isa = PBXResourcesBuildPhase;
			buildActionMask = 2147483647;
			files = (
			);
			runOnlyForDeploymentPostprocessing = 0;
		};
		79FE3A1A28DC8673006A76E0 /* Resources */ = {
			isa = PBXResourcesBuildPhase;
			buildActionMask = 2147483647;
			files = (
			);
			runOnlyForDeploymentPostprocessing = 0;
		};
/* End PBXResourcesBuildPhase section */

/* Begin PBXSourcesBuildPhase section */
		79FE39FE28DC866E006A76E0 /* Sources */ = {
			isa = PBXSourcesBuildPhase;
			buildActionMask = 2147483647;
			files = (
				790D6E3E28E5E3FF002A42AE /* DMWithVMTableViewController.swift in Sources */,
				79B7A16D28DC911F005695E7 /* AppDelegate.swift in Sources */,
				790D6E4028E5E419002A42AE /* DMWithVMViewModel.swift in Sources */,
				790D6E4428E5E8A5002A42AE /* UserDefaults+Preferences.swift in Sources */,
				79B7A17628DC9733005695E7 /* DriveViewController.swift in Sources */,
				790D6E4628E5EB0F002A42AE /* SceneDelegate.swift in Sources */,
				79B7A17A28DC993E005695E7 /* SettingsTableViewController.swift in Sources */,
				79B7A16B28DC90DD005695E7 /* ContentView.swift in Sources */,
				79B7A18928DCADCE005695E7 /* DMWithXIBTableViewController.swift in Sources */,
				790D6E4228E5E5EB002A42AE /* UIColor+Dynamic.swift in Sources */,
				79B7A16A28DC90DA005695E7 /* DarkModeAppApp.swift in Sources */,
				79B7A17828DC98AF005695E7 /* ExpediteViewController.swift in Sources */,
				79B7A17F28DCA744005695E7 /* SettingsViewModel.swift in Sources */,
				7920647828DCB98000416734 /* UITableViewCell+applyStyles.swift in Sources */,
				7920647D28DCC3C800416734 /* DMWithSwiftUIView.swift in Sources */,
			);
			runOnlyForDeploymentPostprocessing = 0;
		};
		79FE3A0E28DC8672006A76E0 /* Sources */ = {
			isa = PBXSourcesBuildPhase;
			buildActionMask = 2147483647;
			files = (
				79FE3A1728DC8672006A76E0 /* DarkModeAppTests.swift in Sources */,
			);
			runOnlyForDeploymentPostprocessing = 0;
		};
		79FE3A1828DC8673006A76E0 /* Sources */ = {
			isa = PBXSourcesBuildPhase;
			buildActionMask = 2147483647;
			files = (
				79FE3A2128DC8673006A76E0 /* DarkModeAppUITests.swift in Sources */,
				79FE3A2328DC8673006A76E0 /* DarkModeAppUITestsLaunchTests.swift in Sources */,
			);
			runOnlyForDeploymentPostprocessing = 0;
		};
/* End PBXSourcesBuildPhase section */

/* Begin PBXTargetDependency section */
		79FE3A1428DC8672006A76E0 /* PBXTargetDependency */ = {
			isa = PBXTargetDependency;
			target = 79FE3A0128DC866E006A76E0 /* DarkModeApp */;
			targetProxy = 79FE3A1328DC8672006A76E0 /* PBXContainerItemProxy */;
		};
		79FE3A1E28DC8673006A76E0 /* PBXTargetDependency */ = {
			isa = PBXTargetDependency;
			target = 79FE3A0128DC866E006A76E0 /* DarkModeApp */;
			targetProxy = 79FE3A1D28DC8673006A76E0 /* PBXContainerItemProxy */;
		};
/* End PBXTargetDependency section */

/* Begin XCBuildConfiguration section */
		79FE3A2428DC8673006A76E0 /* Debug */ = {
			isa = XCBuildConfiguration;
			buildSettings = {
				ALWAYS_SEARCH_USER_PATHS = NO;
				CLANG_ANALYZER_NONNULL = YES;
				CLANG_ANALYZER_NUMBER_OBJECT_CONVERSION = YES_AGGRESSIVE;
				CLANG_CXX_LANGUAGE_STANDARD = "gnu++17";
				CLANG_ENABLE_MODULES = YES;
				CLANG_ENABLE_OBJC_ARC = YES;
				CLANG_ENABLE_OBJC_WEAK = YES;
				CLANG_WARN_BLOCK_CAPTURE_AUTORELEASING = YES;
				CLANG_WARN_BOOL_CONVERSION = YES;
				CLANG_WARN_COMMA = YES;
				CLANG_WARN_CONSTANT_CONVERSION = YES;
				CLANG_WARN_DEPRECATED_OBJC_IMPLEMENTATIONS = YES;
				CLANG_WARN_DIRECT_OBJC_ISA_USAGE = YES_ERROR;
				CLANG_WARN_DOCUMENTATION_COMMENTS = YES;
				CLANG_WARN_EMPTY_BODY = YES;
				CLANG_WARN_ENUM_CONVERSION = YES;
				CLANG_WARN_INFINITE_RECURSION = YES;
				CLANG_WARN_INT_CONVERSION = YES;
				CLANG_WARN_NON_LITERAL_NULL_CONVERSION = YES;
				CLANG_WARN_OBJC_IMPLICIT_RETAIN_SELF = YES;
				CLANG_WARN_OBJC_LITERAL_CONVERSION = YES;
				CLANG_WARN_OBJC_ROOT_CLASS = YES_ERROR;
				CLANG_WARN_QUOTED_INCLUDE_IN_FRAMEWORK_HEADER = YES;
				CLANG_WARN_RANGE_LOOP_ANALYSIS = YES;
				CLANG_WARN_STRICT_PROTOTYPES = YES;
				CLANG_WARN_SUSPICIOUS_MOVE = YES;
				CLANG_WARN_UNGUARDED_AVAILABILITY = YES_AGGRESSIVE;
				CLANG_WARN_UNREACHABLE_CODE = YES;
				CLANG_WARN__DUPLICATE_METHOD_MATCH = YES;
				COPY_PHASE_STRIP = NO;
				DEBUG_INFORMATION_FORMAT = dwarf;
				ENABLE_STRICT_OBJC_MSGSEND = YES;
				ENABLE_TESTABILITY = YES;
				GCC_C_LANGUAGE_STANDARD = gnu11;
				GCC_DYNAMIC_NO_PIC = NO;
				GCC_NO_COMMON_BLOCKS = YES;
				GCC_OPTIMIZATION_LEVEL = 0;
				GCC_PREPROCESSOR_DEFINITIONS = (
					"DEBUG=1",
					"$(inherited)",
				);
				GCC_WARN_64_TO_32_BIT_CONVERSION = YES;
				GCC_WARN_ABOUT_RETURN_TYPE = YES_ERROR;
				GCC_WARN_UNDECLARED_SELECTOR = YES;
				GCC_WARN_UNINITIALIZED_AUTOS = YES_AGGRESSIVE;
				GCC_WARN_UNUSED_FUNCTION = YES;
				GCC_WARN_UNUSED_VARIABLE = YES;
				IPHONEOS_DEPLOYMENT_TARGET = 14.0;
				MTL_ENABLE_DEBUG_INFO = INCLUDE_SOURCE;
				MTL_FAST_MATH = YES;
				ONLY_ACTIVE_ARCH = YES;
				SDKROOT = iphoneos;
				SWIFT_ACTIVE_COMPILATION_CONDITIONS = DEBUG;
				SWIFT_OPTIMIZATION_LEVEL = "-Onone";
			};
			name = Debug;
		};
		79FE3A2528DC8673006A76E0 /* Release */ = {
			isa = XCBuildConfiguration;
			buildSettings = {
				ALWAYS_SEARCH_USER_PATHS = NO;
				CLANG_ANALYZER_NONNULL = YES;
				CLANG_ANALYZER_NUMBER_OBJECT_CONVERSION = YES_AGGRESSIVE;
				CLANG_CXX_LANGUAGE_STANDARD = "gnu++17";
				CLANG_ENABLE_MODULES = YES;
				CLANG_ENABLE_OBJC_ARC = YES;
				CLANG_ENABLE_OBJC_WEAK = YES;
				CLANG_WARN_BLOCK_CAPTURE_AUTORELEASING = YES;
				CLANG_WARN_BOOL_CONVERSION = YES;
				CLANG_WARN_COMMA = YES;
				CLANG_WARN_CONSTANT_CONVERSION = YES;
				CLANG_WARN_DEPRECATED_OBJC_IMPLEMENTATIONS = YES;
				CLANG_WARN_DIRECT_OBJC_ISA_USAGE = YES_ERROR;
				CLANG_WARN_DOCUMENTATION_COMMENTS = YES;
				CLANG_WARN_EMPTY_BODY = YES;
				CLANG_WARN_ENUM_CONVERSION = YES;
				CLANG_WARN_INFINITE_RECURSION = YES;
				CLANG_WARN_INT_CONVERSION = YES;
				CLANG_WARN_NON_LITERAL_NULL_CONVERSION = YES;
				CLANG_WARN_OBJC_IMPLICIT_RETAIN_SELF = YES;
				CLANG_WARN_OBJC_LITERAL_CONVERSION = YES;
				CLANG_WARN_OBJC_ROOT_CLASS = YES_ERROR;
				CLANG_WARN_QUOTED_INCLUDE_IN_FRAMEWORK_HEADER = YES;
				CLANG_WARN_RANGE_LOOP_ANALYSIS = YES;
				CLANG_WARN_STRICT_PROTOTYPES = YES;
				CLANG_WARN_SUSPICIOUS_MOVE = YES;
				CLANG_WARN_UNGUARDED_AVAILABILITY = YES_AGGRESSIVE;
				CLANG_WARN_UNREACHABLE_CODE = YES;
				CLANG_WARN__DUPLICATE_METHOD_MATCH = YES;
				COPY_PHASE_STRIP = NO;
				DEBUG_INFORMATION_FORMAT = "dwarf-with-dsym";
				ENABLE_NS_ASSERTIONS = NO;
				ENABLE_STRICT_OBJC_MSGSEND = YES;
				GCC_C_LANGUAGE_STANDARD = gnu11;
				GCC_NO_COMMON_BLOCKS = YES;
				GCC_WARN_64_TO_32_BIT_CONVERSION = YES;
				GCC_WARN_ABOUT_RETURN_TYPE = YES_ERROR;
				GCC_WARN_UNDECLARED_SELECTOR = YES;
				GCC_WARN_UNINITIALIZED_AUTOS = YES_AGGRESSIVE;
				GCC_WARN_UNUSED_FUNCTION = YES;
				GCC_WARN_UNUSED_VARIABLE = YES;
				IPHONEOS_DEPLOYMENT_TARGET = 14.0;
				MTL_ENABLE_DEBUG_INFO = NO;
				MTL_FAST_MATH = YES;
				SDKROOT = iphoneos;
				SWIFT_COMPILATION_MODE = wholemodule;
				SWIFT_OPTIMIZATION_LEVEL = "-O";
				VALIDATE_PRODUCT = YES;
			};
			name = Release;
		};
		79FE3A2728DC8673006A76E0 /* Debug */ = {
			isa = XCBuildConfiguration;
			buildSettings = {
				ASSETCATALOG_COMPILER_APPICON_NAME = AppIcon;
				ASSETCATALOG_COMPILER_GLOBAL_ACCENT_COLOR_NAME = AccentColor;
				CODE_SIGN_STYLE = Automatic;
				CURRENT_PROJECT_VERSION = 1;
				DEVELOPMENT_ASSET_PATHS = "\"DarkModeApp/Resources/Preview Content\"";
				DEVELOPMENT_TEAM = W9PRC57MM7;
				ENABLE_PREVIEWS = YES;
				GENERATE_INFOPLIST_FILE = YES;
				INFOPLIST_KEY_UIApplicationSceneManifest_Generation = YES;
				INFOPLIST_KEY_UIApplicationSupportsIndirectInputEvents = YES;
				INFOPLIST_KEY_UILaunchScreen_Generation = YES;
				INFOPLIST_KEY_UISupportedInterfaceOrientations_iPad = "UIInterfaceOrientationPortrait UIInterfaceOrientationPortraitUpsideDown UIInterfaceOrientationLandscapeLeft UIInterfaceOrientationLandscapeRight";
				INFOPLIST_KEY_UISupportedInterfaceOrientations_iPhone = "UIInterfaceOrientationPortrait UIInterfaceOrientationLandscapeLeft UIInterfaceOrientationLandscapeRight";
				LD_RUNPATH_SEARCH_PATHS = (
					"$(inherited)",
					"@executable_path/Frameworks",
				);
				MARKETING_VERSION = 1.0;
				PRODUCT_BUNDLE_IDENTIFIER = ro.infloresc.DarkModeApp;
				PRODUCT_NAME = "$(TARGET_NAME)";
				SWIFT_EMIT_LOC_STRINGS = YES;
				SWIFT_VERSION = 5.0;
				TARGETED_DEVICE_FAMILY = "1,2";
			};
			name = Debug;
		};
		79FE3A2828DC8673006A76E0 /* Release */ = {
			isa = XCBuildConfiguration;
			buildSettings = {
				ASSETCATALOG_COMPILER_APPICON_NAME = AppIcon;
				ASSETCATALOG_COMPILER_GLOBAL_ACCENT_COLOR_NAME = AccentColor;
				CODE_SIGN_STYLE = Automatic;
				CURRENT_PROJECT_VERSION = 1;
				DEVELOPMENT_ASSET_PATHS = "\"DarkModeApp/Resources/Preview Content\"";
				DEVELOPMENT_TEAM = W9PRC57MM7;
				ENABLE_PREVIEWS = YES;
				GENERATE_INFOPLIST_FILE = YES;
				INFOPLIST_KEY_UIApplicationSceneManifest_Generation = YES;
				INFOPLIST_KEY_UIApplicationSupportsIndirectInputEvents = YES;
				INFOPLIST_KEY_UILaunchScreen_Generation = YES;
				INFOPLIST_KEY_UISupportedInterfaceOrientations_iPad = "UIInterfaceOrientationPortrait UIInterfaceOrientationPortraitUpsideDown UIInterfaceOrientationLandscapeLeft UIInterfaceOrientationLandscapeRight";
				INFOPLIST_KEY_UISupportedInterfaceOrientations_iPhone = "UIInterfaceOrientationPortrait UIInterfaceOrientationLandscapeLeft UIInterfaceOrientationLandscapeRight";
				LD_RUNPATH_SEARCH_PATHS = (
					"$(inherited)",
					"@executable_path/Frameworks",
				);
				MARKETING_VERSION = 1.0;
				PRODUCT_BUNDLE_IDENTIFIER = ro.infloresc.DarkModeApp;
				PRODUCT_NAME = "$(TARGET_NAME)";
				SWIFT_EMIT_LOC_STRINGS = YES;
				SWIFT_VERSION = 5.0;
				TARGETED_DEVICE_FAMILY = "1,2";
			};
			name = Release;
		};
		79FE3A2A28DC8673006A76E0 /* Debug */ = {
			isa = XCBuildConfiguration;
			buildSettings = {
				ALWAYS_EMBED_SWIFT_STANDARD_LIBRARIES = YES;
				BUNDLE_LOADER = "$(TEST_HOST)";
				CODE_SIGN_STYLE = Automatic;
				CURRENT_PROJECT_VERSION = 1;
				GENERATE_INFOPLIST_FILE = YES;
				IPHONEOS_DEPLOYMENT_TARGET = 15.5;
				MARKETING_VERSION = 1.0;
				PRODUCT_BUNDLE_IDENTIFIER = ro.infloresc.DarkModeAppTests;
				PRODUCT_NAME = "$(TARGET_NAME)";
				SWIFT_EMIT_LOC_STRINGS = NO;
				SWIFT_VERSION = 5.0;
				TARGETED_DEVICE_FAMILY = "1,2";
				TEST_HOST = "$(BUILT_PRODUCTS_DIR)/DarkModeApp.app/DarkModeApp";
			};
			name = Debug;
		};
		79FE3A2B28DC8673006A76E0 /* Release */ = {
			isa = XCBuildConfiguration;
			buildSettings = {
				ALWAYS_EMBED_SWIFT_STANDARD_LIBRARIES = YES;
				BUNDLE_LOADER = "$(TEST_HOST)";
				CODE_SIGN_STYLE = Automatic;
				CURRENT_PROJECT_VERSION = 1;
				GENERATE_INFOPLIST_FILE = YES;
				IPHONEOS_DEPLOYMENT_TARGET = 15.5;
				MARKETING_VERSION = 1.0;
				PRODUCT_BUNDLE_IDENTIFIER = ro.infloresc.DarkModeAppTests;
				PRODUCT_NAME = "$(TARGET_NAME)";
				SWIFT_EMIT_LOC_STRINGS = NO;
				SWIFT_VERSION = 5.0;
				TARGETED_DEVICE_FAMILY = "1,2";
				TEST_HOST = "$(BUILT_PRODUCTS_DIR)/DarkModeApp.app/DarkModeApp";
			};
			name = Release;
		};
		79FE3A2D28DC8673006A76E0 /* Debug */ = {
			isa = XCBuildConfiguration;
			buildSettings = {
				ALWAYS_EMBED_SWIFT_STANDARD_LIBRARIES = YES;
				CODE_SIGN_STYLE = Automatic;
				CURRENT_PROJECT_VERSION = 1;
				GENERATE_INFOPLIST_FILE = YES;
				MARKETING_VERSION = 1.0;
				PRODUCT_BUNDLE_IDENTIFIER = ro.infloresc.DarkModeAppUITests;
				PRODUCT_NAME = "$(TARGET_NAME)";
				SWIFT_EMIT_LOC_STRINGS = NO;
				SWIFT_VERSION = 5.0;
				TARGETED_DEVICE_FAMILY = "1,2";
				TEST_TARGET_NAME = DarkModeApp;
			};
			name = Debug;
		};
		79FE3A2E28DC8673006A76E0 /* Release */ = {
			isa = XCBuildConfiguration;
			buildSettings = {
				ALWAYS_EMBED_SWIFT_STANDARD_LIBRARIES = YES;
				CODE_SIGN_STYLE = Automatic;
				CURRENT_PROJECT_VERSION = 1;
				GENERATE_INFOPLIST_FILE = YES;
				MARKETING_VERSION = 1.0;
				PRODUCT_BUNDLE_IDENTIFIER = ro.infloresc.DarkModeAppUITests;
				PRODUCT_NAME = "$(TARGET_NAME)";
				SWIFT_EMIT_LOC_STRINGS = NO;
				SWIFT_VERSION = 5.0;
				TARGETED_DEVICE_FAMILY = "1,2";
				TEST_TARGET_NAME = DarkModeApp;
			};
			name = Release;
		};
/* End XCBuildConfiguration section */

/* Begin XCConfigurationList section */
		79FE39FD28DC866E006A76E0 /* Build configuration list for PBXProject "DarkModeApp" */ = {
			isa = XCConfigurationList;
			buildConfigurations = (
				79FE3A2428DC8673006A76E0 /* Debug */,
				79FE3A2528DC8673006A76E0 /* Release */,
			);
			defaultConfigurationIsVisible = 0;
			defaultConfigurationName = Release;
		};
		79FE3A2628DC8673006A76E0 /* Build configuration list for PBXNativeTarget "DarkModeApp" */ = {
			isa = XCConfigurationList;
			buildConfigurations = (
				79FE3A2728DC8673006A76E0 /* Debug */,
				79FE3A2828DC8673006A76E0 /* Release */,
			);
			defaultConfigurationIsVisible = 0;
			defaultConfigurationName = Release;
		};
		79FE3A2928DC8673006A76E0 /* Build configuration list for PBXNativeTarget "DarkModeAppTests" */ = {
			isa = XCConfigurationList;
			buildConfigurations = (
				79FE3A2A28DC8673006A76E0 /* Debug */,
				79FE3A2B28DC8673006A76E0 /* Release */,
			);
			defaultConfigurationIsVisible = 0;
			defaultConfigurationName = Release;
		};
		79FE3A2C28DC8673006A76E0 /* Build configuration list for PBXNativeTarget "DarkModeAppUITests" */ = {
			isa = XCConfigurationList;
			buildConfigurations = (
				79FE3A2D28DC8673006A76E0 /* Debug */,
				79FE3A2E28DC8673006A76E0 /* Release */,
			);
			defaultConfigurationIsVisible = 0;
			defaultConfigurationName = Release;
		};
/* End XCConfigurationList section */
	};
	rootObject = 79FE39FA28DC866E006A76E0 /* Project object */;
}
